{
  "name": "yjg",
  "lockfileVersion": 3,
  "requires": true,
  "packages": {
    "": {
      "dependencies": {
        "@babel/runtime": "^7.8.3",
        "dotenv": "^8.2.0",
        "http-proxy": "^1.18.1",
        "ip-to-location": "^1.0.1",
        "jquery": "^3.4.1",
        "lodash": "^4.17.21",
        "meteor-node-stubs": "^1.0.0",
        "node-open-geocoder": "^4.0.1",
        "papaparse": "^5.2.0",
        "reverse-geocode": "^1.3.3"
      }
    },
    "node_modules/@babel/runtime": {
      "version": "7.9.2",
      "resolved": "https://registry.npmjs.org/@babel/runtime/-/runtime-7.9.2.tgz",
      "integrity": "sha512-NE2DtOdufG7R5vnfQUTehdTfNycfUANEtCa9PssN9O/xmTzP4E08UI797ixaei6hBEVL9BI/PsdJS5x7mWoB9Q==",
      "dependencies": {
        "regenerator-runtime": "^0.13.4"
      }
    },
    "node_modules/array.some": {
      "version": "1.0.0",
      "resolved": "https://registry.npmjs.org/array.some/-/array.some-1.0.0.tgz",
      "integrity": "sha1-Kv3gYKx8khgprhEjckcCP1dIXZQ=",
      "engines": {
        "node": ">=6.1"
      }
    },
    "node_modules/between-range": {
      "version": "1.0.0",
      "resolved": "https://registry.npmjs.org/between-range/-/between-range-1.0.0.tgz",
      "integrity": "sha1-qrfC9G74ejtLqadhFyTZuBPn4Uk="
    },
    "node_modules/boom": {
      "version": "5.2.0",
      "resolved": "https://registry.npmjs.org/boom/-/boom-5.2.0.tgz",
      "integrity": "sha512-Z5BTk6ZRe4tXXQlkqftmsAUANpXmuwlsF5Oov8ThoMbQRzdGTA1ngYRW160GexgOgjsFOKJz0LYhoNi+2AMBUw==",
      "deprecated": "This version has been deprecated in accordance with the hapi support policy (hapi.im/support). Please upgrade to the latest version to get the best features, bug fixes, and security patches. If you are unable to upgrade at this time, paid support is available for older versions (hapi.im/commercial).",
      "dependencies": {
        "hoek": "4.x.x"
      },
      "engines": {
        "node": ">=4.0.0"
      }
    },
    "node_modules/call-bind-apply-helpers": {
      "version": "1.0.2",
      "resolved": "https://registry.npmjs.org/call-bind-apply-helpers/-/call-bind-apply-helpers-1.0.2.tgz",
      "integrity": "sha512-Sp1ablJ0ivDkSzjcaJdxEunN5/XvksFJ2sMBFfq6x0ryhQV/2b/KwFe21cMpmHtPOSij8K99/wSfoEuTObmuMQ==",
      "license": "MIT",
      "dependencies": {
        "es-errors": "^1.3.0",
        "function-bind": "^1.1.2"
      },
      "engines": {
        "node": ">= 0.4"
      }
    },
    "node_modules/call-bound": {
      "version": "1.0.4",
      "resolved": "https://registry.npmjs.org/call-bound/-/call-bound-1.0.4.tgz",
      "integrity": "sha512-+ys997U96po4Kx/ABpBCqhA9EuxJaQWDQg7295H4hBphv3IZg0boBKuwYpt4YXp6MZ5AmZQnU/tyMTlRpaSejg==",
      "license": "MIT",
      "dependencies": {
        "call-bind-apply-helpers": "^1.0.2",
        "get-intrinsic": "^1.3.0"
      },
      "engines": {
        "node": ">= 0.4"
      },
      "funding": {
        "url": "https://github.com/sponsors/ljharb"
      }
    },
    "node_modules/dotenv": {
      "version": "8.2.0",
      "resolved": "https://registry.npmjs.org/dotenv/-/dotenv-8.2.0.tgz",
      "integrity": "sha512-8sJ78ElpbDJBHNeBzUbUVLsqKdccaa/BXF1uPTw3GrvQTBgrQrtObr2mUrE38vzYd8cEv+m/JBfDLioYcfXoaw==",
      "engines": {
        "node": ">=8"
      }
    },
    "node_modules/dunder-proto": {
      "version": "1.0.1",
      "resolved": "https://registry.npmjs.org/dunder-proto/-/dunder-proto-1.0.1.tgz",
      "integrity": "sha512-KIN/nDJBQRcXw0MLVhZE9iQHmG68qAVIBg9CqmUYjmQIhgij9U5MFvrqkUL5FbtyyzZuOeOt0zdeRe4UY7ct+A==",
      "license": "MIT",
      "dependencies": {
        "call-bind-apply-helpers": "^1.0.1",
        "es-errors": "^1.3.0",
        "gopd": "^1.2.0"
      },
      "engines": {
        "node": ">= 0.4"
      }
    },
    "node_modules/es-define-property": {
      "version": "1.0.1",
      "resolved": "https://registry.npmjs.org/es-define-property/-/es-define-property-1.0.1.tgz",
      "integrity": "sha512-e3nRfgfUZ4rNGL232gUgX06QNyyez04KdjFrF+LTRoOXmrOgFKDg4BCdsjW8EnT69eqdYGmRpJwiPVYNrCaW3g==",
      "license": "MIT",
      "engines": {
        "node": ">= 0.4"
      }
    },
    "node_modules/es-errors": {
      "version": "1.3.0",
      "resolved": "https://registry.npmjs.org/es-errors/-/es-errors-1.3.0.tgz",
      "integrity": "sha512-Zf5H2Kxt2xjTvbJvP2ZWLEICxA6j+hAmMzIlypy4xcBg1vKVnx89Wy0GbS+kf5cwCVFFzdCFh2XSCFNULS6csw==",
      "license": "MIT",
      "engines": {
        "node": ">= 0.4"
      }
    },
    "node_modules/es-object-atoms": {
      "version": "1.1.1",
      "resolved": "https://registry.npmjs.org/es-object-atoms/-/es-object-atoms-1.1.1.tgz",
      "integrity": "sha512-FGgH2h8zKNim9ljj7dankFPcICIK9Cp5bm+c2gQSYePhpaG5+esrLODihIorn+Pe6FGJzWhXQotPv73jTaldXA==",
      "license": "MIT",
      "dependencies": {
        "es-errors": "^1.3.0"
      },
      "engines": {
        "node": ">= 0.4"
      }
    },
    "node_modules/eventemitter3": {
      "version": "4.0.7",
      "resolved": "https://registry.npmjs.org/eventemitter3/-/eventemitter3-4.0.7.tgz",
      "integrity": "sha512-8guHBZCwKnFhYdHr2ysuRWErTwhoN2X8XELRlrRwpmfeY2jjuUN4taQMsULKUVo1K4DvZl+0pgfyoysHxvmvEw=="
    },
    "node_modules/follow-redirects": {
      "version": "1.15.6",
      "resolved": "https://registry.npmjs.org/follow-redirects/-/follow-redirects-1.15.6.tgz",
      "integrity": "sha512-wWN62YITEaOpSK584EZXJafH1AGpO8RVgElfkuXbTOrPX4fIfOyEpW/CsiNd8JdYrAoOvafRTOEnvsO++qCqFA==",
      "funding": [
        {
          "type": "individual",
          "url": "https://github.com/sponsors/RubenVerborgh"
        }
      ],
      "engines": {
        "node": ">=4.0"
      },
      "peerDependenciesMeta": {
        "debug": {
          "optional": true
        }
      }
    },
    "node_modules/function-bind": {
      "version": "1.1.2",
      "resolved": "https://registry.npmjs.org/function-bind/-/function-bind-1.1.2.tgz",
      "integrity": "sha512-7XHNxH7qX9xG5mIwxkhumTox/MIRNcOgDrxWsMt2pAr23WHp6MrRlN7FBSFpCpr+oVO0F744iUgR82nJMfG2SA==",
      "license": "MIT",
      "funding": {
        "url": "https://github.com/sponsors/ljharb"
      }
    },
    "node_modules/get-intrinsic": {
      "version": "1.3.0",
      "resolved": "https://registry.npmjs.org/get-intrinsic/-/get-intrinsic-1.3.0.tgz",
      "integrity": "sha512-9fSjSaos/fRIVIp+xSJlE6lfwhES7LNtKaCBIamHsjr2na1BiABJPo0mOjjz8GJDURarmCPGqaiVg5mfjb98CQ==",
      "license": "MIT",
      "dependencies": {
        "call-bind-apply-helpers": "^1.0.2",
        "es-define-property": "^1.0.1",
        "es-errors": "^1.3.0",
        "es-object-atoms": "^1.1.1",
        "function-bind": "^1.1.2",
        "get-proto": "^1.0.1",
        "gopd": "^1.2.0",
        "has-symbols": "^1.1.0",
        "hasown": "^2.0.2",
        "math-intrinsics": "^1.1.0"
      },
      "engines": {
        "node": ">= 0.4"
      },
      "funding": {
        "url": "https://github.com/sponsors/ljharb"
      }
    },
    "node_modules/get-property-value": {
      "version": "2.0.0",
      "resolved": "https://registry.npmjs.org/get-property-value/-/get-property-value-2.0.0.tgz",
      "integrity": "sha1-Dc6uzwyPxc4BRSc31kKB1DK72VY=",
      "dependencies": {
        "array.some": "^1.0.0",
        "is.object": "^1.0.0"
      },
      "engines": {
        "node": ">=6.1"
      }
    },
    "node_modules/get-proto": {
      "version": "1.0.1",
      "resolved": "https://registry.npmjs.org/get-proto/-/get-proto-1.0.1.tgz",
      "integrity": "sha512-sTSfBjoXBp89JvIKIefqw7U2CCebsc74kiY6awiGogKtoSGbgjYE/G/+l9sF3MWFPNc9IcoOC4ODfKHfxFmp0g==",
      "license": "MIT",
      "dependencies": {
        "dunder-proto": "^1.0.1",
        "es-object-atoms": "^1.0.0"
      },
      "engines": {
        "node": ">= 0.4"
      }
    },
    "node_modules/gopd": {
      "version": "1.2.0",
      "resolved": "https://registry.npmjs.org/gopd/-/gopd-1.2.0.tgz",
      "integrity": "sha512-ZUKRh6/kUFoAiTAtTYPZJ3hw9wNxx+BIBOijnlG9PnrJsCcSjs1wyyD6vJpaYtgnzDrKYRSqf3OO6Rfa93xsRg==",
      "license": "MIT",
      "engines": {
        "node": ">= 0.4"
      },
      "funding": {
        "url": "https://github.com/sponsors/ljharb"
      }
    },
    "node_modules/has-symbols": {
      "version": "1.1.0",
      "resolved": "https://registry.npmjs.org/has-symbols/-/has-symbols-1.1.0.tgz",
      "integrity": "sha512-1cDNdwJ2Jaohmb3sg4OmKaMBwuC48sYni5HUw2DvsC8LjGTLK9h+eb1X6RyuOHe4hT0ULCW68iomhjUoKUqlPQ==",
      "license": "MIT",
      "engines": {
        "node": ">= 0.4"
      },
      "funding": {
        "url": "https://github.com/sponsors/ljharb"
      }
    },
    "node_modules/hasown": {
      "version": "2.0.2",
      "resolved": "https://registry.npmjs.org/hasown/-/hasown-2.0.2.tgz",
      "integrity": "sha512-0hJU9SCPvmMzIBdZFqNPXWa6dqh7WdH0cII9y+CyS8rG3nL48Bclra9HmKhVVUHyPWNH5Y7xDwAB7bfgSjkUMQ==",
      "license": "MIT",
      "dependencies": {
        "function-bind": "^1.1.2"
      },
      "engines": {
        "node": ">= 0.4"
      }
    },
    "node_modules/hoek": {
      "version": "4.2.1",
      "resolved": "https://registry.npmjs.org/hoek/-/hoek-4.2.1.tgz",
      "integrity": "sha512-QLg82fGkfnJ/4iy1xZ81/9SIJiq1NGFUMGs6ParyjBZr6jW2Ufj/snDqTHixNlHdPNwN2RLVD0Pi3igeK9+JfA==",
      "deprecated": "This version has been deprecated in accordance with the hapi support policy (hapi.im/support). Please upgrade to the latest version to get the best features, bug fixes, and security patches. If you are unable to upgrade at this time, paid support is available for older versions (hapi.im/commercial).",
      "engines": {
        "node": ">=4.0.0"
      }
    },
    "node_modules/http-proxy": {
      "version": "1.18.1",
      "resolved": "https://registry.npmjs.org/http-proxy/-/http-proxy-1.18.1.tgz",
      "integrity": "sha512-7mz/721AbnJwIVbnaSv1Cz3Am0ZLT/UBwkC92VlxhXv/k/BBQfM2fXElQNC27BVGr0uwUpplYPQM9LnaBMR5NQ==",
      "dependencies": {
        "eventemitter3": "^4.0.0",
        "follow-redirects": "^1.0.0",
        "requires-port": "^1.0.0"
      },
      "engines": {
        "node": ">=8.0.0"
      }
    },
    "node_modules/ip-to-location": {
      "version": "1.0.1",
      "resolved": "https://registry.npmjs.org/ip-to-location/-/ip-to-location-1.0.1.tgz",
      "integrity": "sha1-9tRvvX3OHRyeRE74j1VK1u96wWI=",
      "dependencies": {
        "wreck": "^12.0.0"
      }
    },
    "node_modules/is-valid-coordinates": {
      "version": "1.0.0",
      "resolved": "https://registry.npmjs.org/is-valid-coordinates/-/is-valid-coordinates-1.0.0.tgz",
      "integrity": "sha1-rCbpaL549zkD4m++mQgI6KUBUxA=",
      "dependencies": {
        "between-range": "^1.0.0"
      },
      "engines": {
        "node": ">=6.1"
      }
    },
    "node_modules/is.object": {
      "version": "1.0.0",
      "resolved": "https://registry.npmjs.org/is.object/-/is.object-1.0.0.tgz",
      "integrity": "sha1-5PQRfp8IOzXI31z4F+o++wRS/fo=",
      "engines": {
        "node": ">=6.1"
      }
    },
    "node_modules/jquery": {
      "version": "3.5.0",
      "resolved": "https://registry.npmjs.org/jquery/-/jquery-3.5.0.tgz",
      "integrity": "sha512-Xb7SVYMvygPxbFMpTFQiHh1J7HClEaThguL15N/Gg37Lri/qKyhRGZYzHRyLH8Stq3Aow0LsHO2O2ci86fCrNQ=="
    },
    "node_modules/json-parse-safe": {
      "version": "2.0.0",
      "resolved": "https://registry.npmjs.org/json-parse-safe/-/json-parse-safe-2.0.0.tgz",
      "integrity": "sha512-aK7Ccg46n9JkRil/M5s8ytNP9wk0Tc0TsTDVMOYxB2cGsL7XFJ1vfWsurkVZy6zR55KZ+2SWHEuzQeZK4PH6lg==",
      "engines": {
        "node": ">=6"
      }
    },
    "node_modules/lodash": {
      "version": "4.17.21",
      "resolved": "https://registry.npmjs.org/lodash/-/lodash-4.17.21.tgz",
      "integrity": "sha512-v2kDEe57lecTulaDIuNTPy3Ry4gLGJ6Z1O3vE1krgXZNrsQ+LFTGHVxVjcXPs17LhbZVGedAJv8XZ1tvj5FvSg=="
    },
    "node_modules/math-intrinsics": {
      "version": "1.1.0",
      "resolved": "https://registry.npmjs.org/math-intrinsics/-/math-intrinsics-1.1.0.tgz",
      "integrity": "sha512-/IXtbwEk5HTPyEwyKX6hGkYXxM9nbj64B+ilVJnC/R6B0pH5G4V3b0pVbL7DBj4tkhBAppbQUlf6F6Xl9LHu1g==",
      "license": "MIT",
      "engines": {
        "node": ">= 0.4"
      }
    },
    "node_modules/meteor-node-stubs": {
      "version": "1.0.0",
      "resolved": "https://registry.npmjs.org/meteor-node-stubs/-/meteor-node-stubs-1.0.0.tgz",
      "integrity": "sha512-QJwyv23wyXD3uEMzk5Xr/y5ezoVlCbHvBbrgdkVadn84dmifLRbs0PtD6EeNw5NLIk+SQSfxld7IMdEsneGz5w==",
      "bundleDependencies": [
        "assert",
        "browserify-zlib",
        "buffer",
        "console-browserify",
        "constants-browserify",
        "crypto-browserify",
        "domain-browser",
        "events",
        "https-browserify",
        "os-browserify",
        "path-browserify",
        "process",
        "punycode",
        "querystring-es3",
        "readable-stream",
        "stream-browserify",
        "stream-http",
        "string_decoder",
        "timers-browserify",
        "tty-browserify",
        "url",
        "util",
        "vm-browserify"
      ],
      "dependencies": {
        "assert": "^1.4.1",
        "browserify-zlib": "^0.2.0",
        "buffer": "^5.2.1",
        "console-browserify": "^1.1.0",
        "constants-browserify": "^1.0.0",
        "crypto-browserify": "^3.12.0",
        "domain-browser": "^1.2.0",
        "events": "^3.0.0",
        "https-browserify": "^1.0.0",
        "os-browserify": "^0.3.0",
        "path-browserify": "^1.0.0",
        "process": "^0.11.10",
        "punycode": "^2.1.1",
        "querystring-es3": "^0.2.1",
        "readable-stream": "^3.3.0",
        "stream-browserify": "^2.0.2",
        "stream-http": "^3.0.0",
        "string_decoder": "^1.2.0",
        "timers-browserify": "^2.0.10",
        "tty-browserify": "0.0.1",
        "url": "^0.11.0",
        "util": "^0.11.1",
        "vm-browserify": "^1.1.0"
      }
    },
    "node_modules/meteor-node-stubs/node_modules/asn1.js": {
      "version": "4.10.1",
      "integrity": "sha512-p32cOF5q0Zqs9uBiONKYLm6BClCoBCM5O9JfeUSlnQLBTxYdTK+pW+nXflm8UkKd2UYlEbYz5qEi0JuZR9ckSw==",
      "inBundle": true,
      "dependencies": {
        "bn.js": "^4.0.0",
        "inherits": "^2.0.1",
        "minimalistic-assert": "^1.0.0"
      }
    },
    "node_modules/meteor-node-stubs/node_modules/assert": {
      "version": "1.4.1",
      "integrity": "sha512-N+aAxov+CKVS3JuhDIQFr24XvZvwE96Wlhk9dytTg/GmwWoghdOvR8dspx8MVz71O+Y0pA3UPqHF68D6iy8UvQ==",
      "inBundle": true,
      "dependencies": {
        "util": "0.10.3"
      }
    },
    "node_modules/meteor-node-stubs/node_modules/assert/node_modules/util": {
      "version": "0.10.3",
      "integrity": "sha512-5KiHfsmkqacuKjkRkdV7SsfDJ2EGiPsK92s2MhNSY0craxjTdKTtqKsJaCWp4LW33ZZ0OPUv1WO/TFvNQRiQxQ==",
      "inBundle": true,
      "dependencies": {
        "inherits": "2.0.1"
      }
    },
    "node_modules/meteor-node-stubs/node_modules/base64-js": {
      "version": "1.3.0",
      "integrity": "sha512-ccav/yGvoa80BQDljCxsmmQ3Xvx60/UpBIij5QN21W3wBi/hhIC9OoO+KLpu9IJTS9j4DRVJ3aDDF9cMSoa2lw==",
      "inBundle": true
    },
    "node_modules/meteor-node-stubs/node_modules/bn.js": {
      "version": "4.11.8",
      "integrity": "sha512-ItfYfPLkWHUjckQCk8xC+LwxgK8NYcXywGigJgSwOP8Y2iyWT4f2vsZnoOXTTbo+o5yXmIUJ4gn5538SO5S3gA==",
      "inBundle": true
    },
    "node_modules/meteor-node-stubs/node_modules/brorand": {
      "version": "1.1.0",
      "integrity": "sha512-cKV8tMCEpQs4hK/ik71d6LrPOnpkpGBR0wzxqr68g2m/LB2GxVYQroAjMJZRVM1Y4BCjCKc3vAamxSzOY2RP+w==",
      "inBundle": true
    },
    "node_modules/meteor-node-stubs/node_modules/browserify-aes": {
      "version": "1.2.0",
      "integrity": "sha512-+7CHXqGuspUn/Sl5aO7Ea0xWGAtETPXNSAjHo48JfLdPWcMng33Xe4znFvQweqc/uzk5zSOI3H52CYnjCfb5hA==",
      "inBundle": true,
      "dependencies": {
        "buffer-xor": "^1.0.3",
        "cipher-base": "^1.0.0",
        "create-hash": "^1.1.0",
        "evp_bytestokey": "^1.0.3",
        "inherits": "^2.0.1",
        "safe-buffer": "^5.0.1"
      }
    },
    "node_modules/meteor-node-stubs/node_modules/browserify-cipher": {
      "version": "1.0.1",
      "integrity": "sha512-sPhkz0ARKbf4rRQt2hTpAHqn47X3llLkUGn+xEJzLjwY8LRs2p0v7ljvI5EyoRO/mexrNunNECisZs+gw2zz1w==",
      "inBundle": true,
      "dependencies": {
        "browserify-aes": "^1.0.4",
        "browserify-des": "^1.0.0",
        "evp_bytestokey": "^1.0.0"
      }
    },
    "node_modules/meteor-node-stubs/node_modules/browserify-des": {
      "version": "1.0.2",
      "integrity": "sha512-BioO1xf3hFwz4kc6iBhI3ieDFompMhrMlnDFC4/0/vd5MokpuAc3R+LYbwTA9A5Yc9pq9UYPqffKpW2ObuwX5A==",
      "inBundle": true,
      "dependencies": {
        "cipher-base": "^1.0.1",
        "des.js": "^1.0.0",
        "inherits": "^2.0.1",
        "safe-buffer": "^5.1.2"
      }
    },
    "node_modules/meteor-node-stubs/node_modules/browserify-rsa": {
      "version": "4.0.1",
      "integrity": "sha512-+YpEyaLDDvvdzIxQ+cCx73r5YEhS3ANGOkiHdyWqW4t3gdeoNEYjSiQwntbU4Uo2/9yRkpYX3SRFeH+7jc2Duw==",
      "inBundle": true,
      "dependencies": {
        "bn.js": "^4.1.0",
        "randombytes": "^2.0.1"
      }
    },
    "node_modules/meteor-node-stubs/node_modules/browserify-sign": {
      "version": "4.0.4",
      "integrity": "sha512-D2ItxCwNtLcHRrOCuEDZQlIezlFyUV/N5IYz6TY1svu1noyThFuthoEjzT8ChZe3UEctqnwmykcPhet3Eiz58A==",
      "inBundle": true,
      "dependencies": {
        "bn.js": "^4.1.1",
        "browserify-rsa": "^4.0.0",
        "create-hash": "^1.1.0",
        "create-hmac": "^1.1.2",
        "elliptic": "^6.0.0",
        "inherits": "^2.0.1",
        "parse-asn1": "^5.0.0"
      }
    },
    "node_modules/meteor-node-stubs/node_modules/browserify-zlib": {
      "version": "0.2.0",
      "integrity": "sha512-Z942RysHXmJrhqk88FmKBVq/v5tqmSkDz7p54G/MGyjMnCFFnC79XWNbg+Vta8W6Wb2qtSZTSxIGkJrRpCFEiA==",
      "inBundle": true,
      "dependencies": {
        "pako": "~1.0.5"
      }
    },
    "node_modules/meteor-node-stubs/node_modules/buffer": {
      "version": "5.2.1",
      "integrity": "sha512-c+Ko0loDaFfuPWiL02ls9Xd3GO3cPVmUobQ6t3rXNUk304u6hGq+8N/kFi+QEIKhzK3uwolVhLzszmfLmMLnqg==",
      "inBundle": true,
      "dependencies": {
        "base64-js": "^1.0.2",
        "ieee754": "^1.1.4"
      }
    },
    "node_modules/meteor-node-stubs/node_modules/buffer-xor": {
      "version": "1.0.3",
      "integrity": "sha512-571s0T7nZWK6vB67HI5dyUF7wXiNcfaPPPTl6zYCNApANjIvYJTg7hlud/+cJpdAhS7dVzqMLmfhfHR3rAcOjQ==",
      "inBundle": true
    },
    "node_modules/meteor-node-stubs/node_modules/builtin-status-codes": {
      "version": "3.0.0",
      "integrity": "sha512-HpGFw18DgFWlncDfjTa2rcQ4W88O1mC8e8yZ2AvQY5KDaktSTwo+KRf6nHK6FRI5FyRyb/5T6+TSxfP7QyGsmQ==",
      "inBundle": true
    },
    "node_modules/meteor-node-stubs/node_modules/cipher-base": {
      "version": "1.0.4",
      "integrity": "sha512-Kkht5ye6ZGmwv40uUDZztayT2ThLQGfnj/T71N/XzeZeo3nf8foyW7zGTsPYkEya3m5f3cAypH+qe7YOrM1U2Q==",
      "inBundle": true,
      "dependencies": {
        "inherits": "^2.0.1",
        "safe-buffer": "^5.0.1"
      }
    },
    "node_modules/meteor-node-stubs/node_modules/console-browserify": {
      "version": "1.1.0",
      "integrity": "sha512-duS7VP5pvfsNLDvL1O4VOEbw37AI3A4ZUQYemvDlnpGrNu9tprR7BYWpDYwC0Xia0Zxz5ZupdiIrUp0GH1aXfg==",
      "inBundle": true,
      "dependencies": {
        "date-now": "^0.1.4"
      }
    },
    "node_modules/meteor-node-stubs/node_modules/constants-browserify": {
      "version": "1.0.0",
      "integrity": "sha512-xFxOwqIzR/e1k1gLiWEophSCMqXcwVHIH7akf7b/vxcUeGunlj3hvZaaqxwHsTgn+IndtkQJgSztIDWeumWJDQ==",
      "inBundle": true
    },
    "node_modules/meteor-node-stubs/node_modules/core-util-is": {
      "version": "1.0.2",
      "integrity": "sha512-3lqz5YjWTYnW6dlDa5TLaTCcShfar1e40rmcJVwCBJC6mWlFuj0eCHIElmG1g5kyuJ/GD+8Wn4FFCcz4gJPfaQ==",
      "inBundle": true
    },
    "node_modules/meteor-node-stubs/node_modules/create-ecdh": {
      "version": "4.0.3",
      "integrity": "sha512-GbEHQPMOswGpKXM9kCWVrremUcBmjteUaQ01T9rkKCPDXfUHX0IoP9LpHYo2NPFampa4e+/pFDc3jQdxrxQLaw==",
      "inBundle": true,
      "dependencies": {
        "bn.js": "^4.1.0",
        "elliptic": "^6.0.0"
      }
    },
    "node_modules/meteor-node-stubs/node_modules/create-hash": {
      "version": "1.2.0",
      "integrity": "sha512-z00bCGNHDG8mHAkP7CtT1qVu+bFQUPjYq/4Iv3C3kWjTFV10zIjfSoeqXo9Asws8gwSHDGj/hl2u4OGIjapeCg==",
      "inBundle": true,
      "dependencies": {
        "cipher-base": "^1.0.1",
        "inherits": "^2.0.1",
        "md5.js": "^1.3.4",
        "ripemd160": "^2.0.1",
        "sha.js": "^2.4.0"
      }
    },
    "node_modules/meteor-node-stubs/node_modules/create-hmac": {
      "version": "1.1.7",
      "integrity": "sha512-MJG9liiZ+ogc4TzUwuvbER1JRdgvUFSB5+VR/g5h82fGaIRWMWddtKBHi7/sVhfjQZ6SehlyhvQYrcYkaUIpLg==",
      "inBundle": true,
      "dependencies": {
        "cipher-base": "^1.0.3",
        "create-hash": "^1.1.0",
        "inherits": "^2.0.1",
        "ripemd160": "^2.0.0",
        "safe-buffer": "^5.0.1",
        "sha.js": "^2.4.8"
      }
    },
    "node_modules/meteor-node-stubs/node_modules/crypto-browserify": {
      "version": "3.12.0",
      "integrity": "sha512-fz4spIh+znjO2VjL+IdhEpRJ3YN6sMzITSBijk6FK2UvTqruSQW+/cCZTSNsMiZNvUeq0CqurF+dAbyiGOY6Wg==",
      "inBundle": true,
      "dependencies": {
        "browserify-cipher": "^1.0.0",
        "browserify-sign": "^4.0.0",
        "create-ecdh": "^4.0.0",
        "create-hash": "^1.1.0",
        "create-hmac": "^1.1.0",
        "diffie-hellman": "^5.0.0",
        "inherits": "^2.0.1",
        "pbkdf2": "^3.0.3",
        "public-encrypt": "^4.0.0",
        "randombytes": "^2.0.0",
        "randomfill": "^1.0.3"
      },
      "engines": {
        "node": "*"
      }
    },
    "node_modules/meteor-node-stubs/node_modules/date-now": {
      "version": "0.1.4",
      "integrity": "sha512-AsElvov3LoNB7tf5k37H2jYSB+ZZPMT5sG2QjJCcdlV5chIv6htBUBUui2IKRjgtKAKtCBN7Zbwa+MtwLjSeNw==",
      "inBundle": true
    },
    "node_modules/meteor-node-stubs/node_modules/des.js": {
      "version": "1.0.0",
      "integrity": "sha512-QlJHGiTiOmW4z3EO0qKwjM2Mb+EmOlBHbpC6QgTiXB913NxMKttEuV2SJ+eLA12sMKDg1N8HnncfAtYaNnU+cg==",
      "inBundle": true,
      "dependencies": {
        "inherits": "^2.0.1",
        "minimalistic-assert": "^1.0.0"
      }
    },
    "node_modules/meteor-node-stubs/node_modules/diffie-hellman": {
      "version": "5.0.3",
      "integrity": "sha512-kqag/Nl+f3GwyK25fhUMYj81BUOrZ9IuJsjIcDE5icNM9FJHAVm3VcUDxdLPoQtTuUylWm6ZIknYJwwaPxsUzg==",
      "inBundle": true,
      "dependencies": {
        "bn.js": "^4.1.0",
        "miller-rabin": "^4.0.0",
        "randombytes": "^2.0.0"
      }
    },
    "node_modules/meteor-node-stubs/node_modules/domain-browser": {
      "version": "1.2.0",
      "integrity": "sha512-jnjyiM6eRyZl2H+W8Q/zLMA481hzi0eszAaBUzIVnmYVDBbnLxVNnfu1HgEBvCbL+71FrxMl3E6lpKH7Ge3OXA==",
      "inBundle": true,
      "engines": {
        "node": ">=0.4",
        "npm": ">=1.2"
      }
    },
    "node_modules/meteor-node-stubs/node_modules/elliptic": {
      "version": "6.4.1",
      "integrity": "sha512-BsXLz5sqX8OHcsh7CqBMztyXARmGQ3LWPtGjJi6DiJHq5C/qvi9P3OqgswKSDftbu8+IoI/QDTAm2fFnQ9SZSQ==",
      "inBundle": true,
      "dependencies": {
        "bn.js": "^4.4.0",
        "brorand": "^1.0.1",
        "hash.js": "^1.0.0",
        "hmac-drbg": "^1.0.0",
        "inherits": "^2.0.1",
        "minimalistic-assert": "^1.0.0",
        "minimalistic-crypto-utils": "^1.0.0"
      }
    },
    "node_modules/meteor-node-stubs/node_modules/events": {
      "version": "3.0.0",
      "integrity": "sha512-Dc381HFWJzEOhQ+d8pkNon++bk9h6cdAoAj4iE6Q4y6xgTzySWXlKn05/TVNpjnfRqi/X0EpJEJohPjNI3zpVA==",
      "inBundle": true,
      "engines": {
        "node": ">=0.8.x"
      }
    },
    "node_modules/meteor-node-stubs/node_modules/evp_bytestokey": {
      "version": "1.0.3",
      "integrity": "sha512-/f2Go4TognH/KvCISP7OUsHn85hT9nUkxxA9BEWxFn+Oj9o8ZNLm/40hdlgSLyuOimsrTKLUMEorQexp/aPQeA==",
      "inBundle": true,
      "dependencies": {
        "md5.js": "^1.3.4",
        "safe-buffer": "^5.1.1"
      }
    },
    "node_modules/meteor-node-stubs/node_modules/hash-base": {
      "version": "3.0.4",
      "integrity": "sha512-EeeoJKjTyt868liAlVmcv2ZsUfGHlE3Q+BICOXcZiwN3osr5Q/zFGYmTJpoIzuaSTAwndFy+GqhEwlU4L3j4Ow==",
      "inBundle": true,
      "dependencies": {
        "inherits": "^2.0.1",
        "safe-buffer": "^5.0.1"
      },
      "engines": {
        "node": ">=4"
      }
    },
    "node_modules/meteor-node-stubs/node_modules/hash.js": {
      "version": "1.1.7",
      "integrity": "sha512-taOaskGt4z4SOANNseOviYDvjEJinIkRgmp7LbKP2YTTmVxWBl87s/uzK9r+44BclBSp2X7K1hqeNfz9JbBeXA==",
      "inBundle": true,
      "dependencies": {
        "inherits": "^2.0.3",
        "minimalistic-assert": "^1.0.1"
      }
    },
    "node_modules/meteor-node-stubs/node_modules/hash.js/node_modules/inherits": {
      "version": "2.0.3",
      "integrity": "sha512-x00IRNXNy63jwGkJmzPigoySHbaqpNuzKbBOmzK+g2OdZpQ9w+sxCN+VSB3ja7IAge2OP2qpfxTjeNcyjmW1uw==",
      "inBundle": true
    },
    "node_modules/meteor-node-stubs/node_modules/hmac-drbg": {
      "version": "1.0.1",
      "integrity": "sha512-Tti3gMqLdZfhOQY1Mzf/AanLiqh1WTiJgEj26ZuYQ9fbkLomzGchCws4FyrSd4VkpBfiNhaE1On+lOz894jvXg==",
      "inBundle": true,
      "dependencies": {
        "hash.js": "^1.0.3",
        "minimalistic-assert": "^1.0.0",
        "minimalistic-crypto-utils": "^1.0.1"
      }
    },
    "node_modules/meteor-node-stubs/node_modules/https-browserify": {
      "version": "1.0.0",
      "integrity": "sha512-J+FkSdyD+0mA0N+81tMotaRMfSL9SGi+xpD3T6YApKsc3bGSXJlfXri3VyFOeYkfLRQisDk1W+jIFFKBeUBbBg==",
      "inBundle": true
    },
    "node_modules/meteor-node-stubs/node_modules/ieee754": {
      "version": "1.1.13",
      "integrity": "sha512-4vf7I2LYV/HaWerSo3XmlMkp5eZ83i+/CDluXi/IGTs/O1sejBNhTtnxzmRZfvOUqj7lZjqHkeTvpgSFDlWZTg==",
      "inBundle": true
    },
    "node_modules/meteor-node-stubs/node_modules/inherits": {
      "version": "2.0.1",
      "integrity": "sha512-8nWq2nLTAwd02jTqJExUYFSD/fKq6VH9Y/oG2accc/kdI0V98Bag8d5a4gi3XHz73rDWa2PvTtvcWYquKqSENA==",
      "inBundle": true
    },
    "node_modules/meteor-node-stubs/node_modules/isarray": {
      "version": "1.0.0",
      "integrity": "sha512-VLghIWNM6ELQzo7zwmcg0NmTVyWKYjvIeM83yjp0wRDTmUnrM678fQbcKBo6n2CJEF0szoG//ytg+TKla89ALQ==",
      "inBundle": true
    },
    "node_modules/meteor-node-stubs/node_modules/md5.js": {
      "version": "1.3.5",
      "integrity": "sha512-xitP+WxNPcTTOgnTJcrhM0xvdPepipPSf3I8EIpGKeFLjt3PlJLIDG3u8EX53ZIubkb+5U2+3rELYpEhHhzdkg==",
      "inBundle": true,
      "dependencies": {
        "hash-base": "^3.0.0",
        "inherits": "^2.0.1",
        "safe-buffer": "^5.1.2"
      }
    },
    "node_modules/meteor-node-stubs/node_modules/miller-rabin": {
      "version": "4.0.1",
      "integrity": "sha512-115fLhvZVqWwHPbClyntxEVfVDfl9DLLTuJvq3g2O/Oxi8AiNouAHvDSzHS0viUJc+V5vm3eq91Xwqn9dp4jRA==",
      "inBundle": true,
      "dependencies": {
        "bn.js": "^4.0.0",
        "brorand": "^1.0.1"
      },
      "bin": {
        "miller-rabin": "bin/miller-rabin"
      }
    },
    "node_modules/meteor-node-stubs/node_modules/minimalistic-assert": {
      "version": "1.0.1",
      "integrity": "sha512-UtJcAD4yEaGtjPezWuO9wC4nwUnVH/8/Im3yEHQP4b67cXlD/Qr9hdITCU1xDbSEXg2XKNaP8jsReV7vQd00/A==",
      "inBundle": true
    },
    "node_modules/meteor-node-stubs/node_modules/minimalistic-crypto-utils": {
      "version": "1.0.1",
      "integrity": "sha512-JIYlbt6g8i5jKfJ3xz7rF0LXmv2TkDxBLUkiBeZ7bAx4GnnNMr8xFpGnOxn6GhTEHx3SjRrZEoU+j04prX1ktg==",
      "inBundle": true
    },
    "node_modules/meteor-node-stubs/node_modules/os-browserify": {
      "version": "0.3.0",
      "integrity": "sha512-gjcpUc3clBf9+210TRaDWbf+rZZZEshZ+DlXMRCeAjp0xhTrnQsKHypIy1J3d5hKdUzj69t708EHtU8P6bUn0A==",
      "inBundle": true
    },
    "node_modules/meteor-node-stubs/node_modules/pako": {
      "version": "1.0.10",
      "integrity": "sha512-0DTvPVU3ed8+HNXOu5Bs+o//Mbdj9VNQMUOe9oKCwh8l0GNwpTDMKCWbRjgtD291AWnkAgkqA/LOnQS8AmS1tw==",
      "inBundle": true
    },
    "node_modules/meteor-node-stubs/node_modules/parse-asn1": {
      "version": "5.1.4",
      "integrity": "sha512-Qs5duJcuvNExRfFZ99HDD3z4mAi3r9Wl/FOjEOijlxwCZs7E7mW2vjTpgQ4J8LpTF8x5v+1Vn5UQFejmWT11aw==",
      "inBundle": true,
      "dependencies": {
        "asn1.js": "^4.0.0",
        "browserify-aes": "^1.0.0",
        "create-hash": "^1.1.0",
        "evp_bytestokey": "^1.0.0",
        "pbkdf2": "^3.0.3",
        "safe-buffer": "^5.1.1"
      }
    },
    "node_modules/meteor-node-stubs/node_modules/path-browserify": {
      "version": "1.0.0",
      "integrity": "sha512-Hkavx/nY4/plImrZPHRk2CL9vpOymZLgEbMNX1U0bjcBL7QN9wODxyx0yaMZURSQaUtSEvDrfAvxa9oPb0at9g==",
      "inBundle": true
    },
    "node_modules/meteor-node-stubs/node_modules/pbkdf2": {
      "version": "3.0.17",
      "integrity": "sha512-U/il5MsrZp7mGg3mSQfn742na2T+1/vHDCG5/iTI3X9MKUuYUZVLQhyRsg06mCgDBTd57TxzgZt7P+fYfjRLtA==",
      "inBundle": true,
      "dependencies": {
        "create-hash": "^1.1.2",
        "create-hmac": "^1.1.4",
        "ripemd160": "^2.0.1",
        "safe-buffer": "^5.0.1",
        "sha.js": "^2.4.8"
      },
      "engines": {
        "node": ">=0.12"
      }
    },
    "node_modules/meteor-node-stubs/node_modules/process": {
      "version": "0.11.10",
      "integrity": "sha512-cdGef/drWFoydD1JsMzuFf8100nZl+GT+yacc2bEced5f9Rjk4z+WtFUTBu9PhOi9j/jfmBPu0mMEY4wIdAF8A==",
      "inBundle": true,
      "engines": {
        "node": ">= 0.6.0"
      }
    },
    "node_modules/meteor-node-stubs/node_modules/process-nextick-args": {
      "version": "2.0.0",
      "integrity": "sha512-MtEC1TqN0EU5nephaJ4rAtThHtC86dNN9qCuEhtshvpVBkAW5ZO7BASN9REnF9eoXGcRub+pFuKEpOHE+HbEMw==",
      "inBundle": true
    },
    "node_modules/meteor-node-stubs/node_modules/public-encrypt": {
      "version": "4.0.3",
      "integrity": "sha512-zVpa8oKZSz5bTMTFClc1fQOnyyEzpl5ozpi1B5YcvBrdohMjH2rfsBtyXcuNuwjsDIXmBYlF2N5FlJYhR29t8Q==",
      "inBundle": true,
      "dependencies": {
        "bn.js": "^4.1.0",
        "browserify-rsa": "^4.0.0",
        "create-hash": "^1.1.0",
        "parse-asn1": "^5.0.0",
        "randombytes": "^2.0.1",
        "safe-buffer": "^5.1.2"
      }
    },
    "node_modules/meteor-node-stubs/node_modules/punycode": {
      "version": "2.1.1",
      "integrity": "sha512-XRsRjdf+j5ml+y/6GKHPZbrF/8p2Yga0JPtdqTIY2Xe5ohJPD9saDJJLPvp9+NSBprVvevdXZybnj2cv8OEd0A==",
      "inBundle": true,
      "engines": {
        "node": ">=6"
      }
    },
    "node_modules/meteor-node-stubs/node_modules/querystring": {
      "version": "0.2.0",
      "integrity": "sha512-X/xY82scca2tau62i9mDyU9K+I+djTMUsvwf7xnUX5GLvVzgJybOJf4Y6o9Zx3oJK/LSXg5tTZBjwzqVPaPO2g==",
      "deprecated": "The querystring API is considered Legacy. new code should use the URLSearchParams API instead.",
      "inBundle": true,
      "engines": {
        "node": ">=0.4.x"
      }
    },
    "node_modules/meteor-node-stubs/node_modules/querystring-es3": {
      "version": "0.2.1",
      "integrity": "sha512-773xhDQnZBMFobEiztv8LIl70ch5MSF/jUQVlhwFyBILqq96anmoctVIYz+ZRp0qbCKATTn6ev02M3r7Ga5vqA==",
      "inBundle": true,
      "engines": {
        "node": ">=0.4.x"
      }
    },
    "node_modules/meteor-node-stubs/node_modules/randombytes": {
      "version": "2.1.0",
      "integrity": "sha512-vYl3iOX+4CKUWuxGi9Ukhie6fsqXqS9FE2Zaic4tNFD2N2QQaXOMFbuKK4QmDHC0JO6B1Zp41J0LpT0oR68amQ==",
      "inBundle": true,
      "dependencies": {
        "safe-buffer": "^5.1.0"
      }
    },
    "node_modules/meteor-node-stubs/node_modules/randomfill": {
      "version": "1.0.4",
      "integrity": "sha512-87lcbR8+MhcWcUiQ+9e+Rwx8MyR2P7qnt15ynUlbm3TU/fjbgz4GsvfSUDTemtCCtVCqb4ZcEFlyPNTh9bBTLw==",
      "inBundle": true,
      "dependencies": {
        "randombytes": "^2.0.5",
        "safe-buffer": "^5.1.0"
      }
    },
    "node_modules/meteor-node-stubs/node_modules/readable-stream": {
      "version": "3.3.0",
      "integrity": "sha512-EsI+s3k3XsW+fU8fQACLN59ky34AZ14LoeVZpYwmZvldCFo0r0gnelwF2TcMjLor/BTL5aDJVBMkss0dthToPw==",
      "inBundle": true,
      "dependencies": {
        "inherits": "^2.0.3",
        "string_decoder": "^1.1.1",
        "util-deprecate": "^1.0.1"
      },
      "engines": {
        "node": ">= 6"
      }
    },
    "node_modules/meteor-node-stubs/node_modules/readable-stream/node_modules/inherits": {
      "version": "2.0.3",
      "integrity": "sha512-x00IRNXNy63jwGkJmzPigoySHbaqpNuzKbBOmzK+g2OdZpQ9w+sxCN+VSB3ja7IAge2OP2qpfxTjeNcyjmW1uw==",
      "inBundle": true
    },
    "node_modules/meteor-node-stubs/node_modules/ripemd160": {
      "version": "2.0.2",
      "integrity": "sha512-ii4iagi25WusVoiC4B4lq7pbXfAp3D9v5CwfkY33vffw2+pkDjY1D8GaN7spsxvCSx8dkPqOZCEZyfxcmJG2IA==",
      "inBundle": true,
      "dependencies": {
        "hash-base": "^3.0.0",
        "inherits": "^2.0.1"
      }
    },
    "node_modules/meteor-node-stubs/node_modules/safe-buffer": {
      "version": "5.1.2",
      "integrity": "sha512-Gd2UZBJDkXlY7GbJxfsE8/nvKkUEU1G38c1siN6QP6a9PT9MmHB8GnpscSmMJSoF8LOIrt8ud/wPtojys4G6+g==",
      "inBundle": true
    },
    "node_modules/meteor-node-stubs/node_modules/setimmediate": {
      "version": "1.0.5",
      "integrity": "sha512-MATJdZp8sLqDl/68LfQmbP8zKPLQNV6BIZoIgrscFDQ+RsvK/BxeDQOgyxKKoh0y/8h3BqVFnCqQ/gd+reiIXA==",
      "inBundle": true
    },
    "node_modules/meteor-node-stubs/node_modules/sha.js": {
      "version": "2.4.11",
      "integrity": "sha512-QMEp5B7cftE7APOjk5Y6xgrbWu+WkLVQwk8JNjZ8nKRciZaByEW6MubieAiToS7+dwvrjGhH8jRXz3MVd0AYqQ==",
      "inBundle": true,
      "dependencies": {
        "inherits": "^2.0.1",
        "safe-buffer": "^5.0.1"
      },
      "bin": {
        "sha.js": "bin.js"
      }
    },
    "node_modules/meteor-node-stubs/node_modules/stream-browserify": {
      "version": "2.0.2",
      "integrity": "sha512-nX6hmklHs/gr2FuxYDltq8fJA1GDlxKQCz8O/IM4atRqBH8OORmBNgfvW5gG10GT/qQ9u0CzIvr2X5Pkt6ntqg==",
      "inBundle": true,
      "dependencies": {
        "inherits": "~2.0.1",
        "readable-stream": "^2.0.2"
      }
    },
    "node_modules/meteor-node-stubs/node_modules/stream-browserify/node_modules/readable-stream": {
      "version": "2.3.6",
      "integrity": "sha512-tQtKA9WIAhBF3+VLAseyMqZeBjW0AHJoxOtYqSUZNJxauErmLbVm2FW1y+J/YA9dUrAC39ITejlZWhVIwawkKw==",
      "inBundle": true,
      "dependencies": {
        "core-util-is": "~1.0.0",
        "inherits": "~2.0.3",
        "isarray": "~1.0.0",
        "process-nextick-args": "~2.0.0",
        "safe-buffer": "~5.1.1",
        "string_decoder": "~1.1.1",
        "util-deprecate": "~1.0.1"
      }
    },
    "node_modules/meteor-node-stubs/node_modules/stream-browserify/node_modules/readable-stream/node_modules/inherits": {
      "version": "2.0.3",
      "integrity": "sha512-x00IRNXNy63jwGkJmzPigoySHbaqpNuzKbBOmzK+g2OdZpQ9w+sxCN+VSB3ja7IAge2OP2qpfxTjeNcyjmW1uw==",
      "inBundle": true
    },
    "node_modules/meteor-node-stubs/node_modules/stream-browserify/node_modules/string_decoder": {
      "version": "1.1.1",
      "integrity": "sha512-n/ShnvDi6FHbbVfviro+WojiFzv+s8MPMHBczVePfUpDJLwoLT0ht1l4YwBCbi8pJAveEEdnkHyPyTP/mzRfwg==",
      "inBundle": true,
      "dependencies": {
        "safe-buffer": "~5.1.0"
      }
    },
    "node_modules/meteor-node-stubs/node_modules/stream-http": {
      "version": "3.0.0",
      "integrity": "sha512-JELJfd+btL9GHtxU3+XXhg9NLYrKFnhybfvRuDghtyVkOFydz3PKNT1df07AMr88qW03WHF+FSV0PySpXignCA==",
      "inBundle": true,
      "dependencies": {
        "builtin-status-codes": "^3.0.0",
        "inherits": "^2.0.1",
        "readable-stream": "^3.0.6",
        "xtend": "^4.0.0"
      }
    },
    "node_modules/meteor-node-stubs/node_modules/string_decoder": {
      "version": "1.2.0",
      "integrity": "sha512-6YqyX6ZWEYguAxgZzHGL7SsCeGx3V2TtOTqZz1xSTSWnqsbWwbptafNyvf/ACquZUXV3DANr5BDIwNYe1mN42w==",
      "inBundle": true,
      "dependencies": {
        "safe-buffer": "~5.1.0"
      }
    },
    "node_modules/meteor-node-stubs/node_modules/timers-browserify": {
      "version": "2.0.10",
      "integrity": "sha512-YvC1SV1XdOUaL6gx5CoGroT3Gu49pK9+TZ38ErPldOWW4j49GI1HKs9DV+KGq/w6y+LZ72W1c8cKz2vzY+qpzg==",
      "inBundle": true,
      "dependencies": {
        "setimmediate": "^1.0.4"
      },
      "engines": {
        "node": ">=0.6.0"
      }
    },
    "node_modules/meteor-node-stubs/node_modules/tty-browserify": {
      "version": "0.0.1",
      "integrity": "sha512-C3TaO7K81YvjCgQH9Q1S3R3P3BtN3RIM8n+OvX4il1K1zgE8ZhI0op7kClgkxtutIE8hQrcrHBXvIheqKUUCxw==",
      "inBundle": true
    },
    "node_modules/meteor-node-stubs/node_modules/url": {
      "version": "0.11.0",
      "integrity": "sha512-kbailJa29QrtXnxgq+DdCEGlbTeYM2eJUxsz6vjZavrCYPMIFHMKQmSKYAIuUK2i7hgPm28a8piX5NTUtM/LKQ==",
      "inBundle": true,
      "dependencies": {
        "punycode": "1.3.2",
        "querystring": "0.2.0"
      }
    },
    "node_modules/meteor-node-stubs/node_modules/url/node_modules/punycode": {
      "version": "1.3.2",
      "integrity": "sha512-RofWgt/7fL5wP1Y7fxE7/EmTLzQVnB0ycyibJ0OOHIlJqTNzglYFxVwETOcIoJqJmpDXJ9xImDv+Fq34F/d4Dw==",
      "inBundle": true
    },
    "node_modules/meteor-node-stubs/node_modules/util": {
      "version": "0.11.1",
      "integrity": "sha512-HShAsny+zS2TZfaXxD9tYj4HQGlBezXZMZuM/S5PKLLoZkShZiGk9o5CzukI1LVHZvjdvZ2Sj1aW/Ndn2NB/HQ==",
      "inBundle": true,
      "dependencies": {
        "inherits": "2.0.3"
      }
    },
    "node_modules/meteor-node-stubs/node_modules/util-deprecate": {
      "version": "1.0.2",
      "integrity": "sha512-EPD5q1uXyFxJpCrLnCc1nHnq3gOa6DZBocAIiI2TaSCA7VCJ1UJDMagCzIkXNsUYfD1daK//LTEQ8xiIbrHtcw==",
      "inBundle": true
    },
    "node_modules/meteor-node-stubs/node_modules/util/node_modules/inherits": {
      "version": "2.0.3",
      "integrity": "sha512-x00IRNXNy63jwGkJmzPigoySHbaqpNuzKbBOmzK+g2OdZpQ9w+sxCN+VSB3ja7IAge2OP2qpfxTjeNcyjmW1uw==",
      "inBundle": true
    },
    "node_modules/meteor-node-stubs/node_modules/vm-browserify": {
      "version": "1.1.0",
      "integrity": "sha512-iq+S7vZJE60yejDYM0ek6zg308+UZsdtPExWP9VZoCFCz1zkJoXFnAX7aZfd/ZwrkidzdUZL0C/ryW+JwAiIGw==",
      "inBundle": true
    },
    "node_modules/meteor-node-stubs/node_modules/xtend": {
      "version": "4.0.1",
      "integrity": "sha512-iTwvhNBRetXWe81+VcIw5YeadVSWyze7uA7nVnpP13ulrpnJ3UfQm5ApGnrkmxDJFdrblRdZs0EvaTCIfei5oQ==",
      "inBundle": true,
      "engines": {
        "node": ">=0.4"
      }
    },
    "node_modules/node-open-geocoder": {
      "version": "4.0.1",
      "resolved": "https://registry.npmjs.org/node-open-geocoder/-/node-open-geocoder-4.0.1.tgz",
      "integrity": "sha512-fG2FBqn9tBqAIi3KYt/a/W7RCx5k4nQjjterMxqS8MnNZ/SeaKmU8ZbFWPKKuln0JihZUyWpv2eaBoQXww4VHA==",
      "dependencies": {
        "get-property-value": "^2.0.0",
        "is-valid-coordinates": "^1.0.0",
        "is.object": "^1.0.0",
        "json-parse-safe": "^2.0.0",
        "qs": "^6.9.1"
      },
      "engines": {
        "node": ">=6.1"
      }
    },
    "node_modules/object-inspect": {
      "version": "1.13.4",
      "resolved": "https://registry.npmjs.org/object-inspect/-/object-inspect-1.13.4.tgz",
      "integrity": "sha512-W67iLl4J2EXEGTbfeHCffrjDfitvLANg0UlX3wFUUSTx92KXRFegMHUVgSqE+wvhAbi4WqjGg9czysTV2Epbew==",
      "license": "MIT",
      "engines": {
        "node": ">= 0.4"
      },
      "funding": {
        "url": "https://github.com/sponsors/ljharb"
      }
    },
    "node_modules/papaparse": {
      "version": "5.2.0",
      "resolved": "https://registry.npmjs.org/papaparse/-/papaparse-5.2.0.tgz",
      "integrity": "sha512-ylq1wgUSnagU+MKQtNeVqrPhZuMYBvOSL00DHycFTCxownF95gpLAk1HiHdUW77N8yxRq1qHXLdlIPyBSG9NSA=="
    },
    "node_modules/qs": {
      "version": "6.14.1",
      "resolved": "https://registry.npmjs.org/qs/-/qs-6.14.1.tgz",
      "integrity": "sha512-4EK3+xJl8Ts67nLYNwqw/dsFVnCf+qR7RgXSK9jEEm9unao3njwMDdmsdvoKBKHzxd7tCYz5e5M+SnMjdtXGQQ==",
      "license": "BSD-3-Clause",
      "dependencies": {
        "side-channel": "^1.1.0"
      },
      "engines": {
        "node": ">=0.6"
      },
      "funding": {
        "url": "https://github.com/sponsors/ljharb"
      }
    },
    "node_modules/regenerator-runtime": {
      "version": "0.13.5",
      "resolved": "https://registry.npmjs.org/regenerator-runtime/-/regenerator-runtime-0.13.5.tgz",
      "integrity": "sha512-ZS5w8CpKFinUzOwW3c83oPeVXoNsrLsaCoLtJvAClH135j/R77RuymhiSErhm2lKcwSCIpmvIWSbDkIfAqKQlA=="
    },
    "node_modules/requires-port": {
      "version": "1.0.0",
      "resolved": "https://registry.npmjs.org/requires-port/-/requires-port-1.0.0.tgz",
      "integrity": "sha1-kl0mAdOaxIXgkc8NpcbmlNw9yv8="
    },
    "node_modules/reverse-geocode": {
      "version": "1.3.3",
      "resolved": "https://registry.npmjs.org/reverse-geocode/-/reverse-geocode-1.3.3.tgz",
      "integrity": "sha512-xfFKCmCjLk/WyEtsyZycZwlRiV02alFIjWv/yoTamolLFtWwAGTfk15BhaLblXvMpf+nwrfalzH+3jxc7g+8gA==",
      "engines": {
        "node": ">=10"
      }
    },
    "node_modules/side-channel": {
      "version": "1.1.0",
      "resolved": "https://registry.npmjs.org/side-channel/-/side-channel-1.1.0.tgz",
      "integrity": "sha512-ZX99e6tRweoUXqR+VBrslhda51Nh5MTQwou5tnUDgbtyM0dBgmhEDtWGP/xbKn6hqfPRHujUNwz5fy/wbbhnpw==",
      "license": "MIT",
      "dependencies": {
        "es-errors": "^1.3.0",
        "object-inspect": "^1.13.3",
        "side-channel-list": "^1.0.0",
        "side-channel-map": "^1.0.1",
        "side-channel-weakmap": "^1.0.2"
      },
      "engines": {
        "node": ">= 0.4"
      },
      "funding": {
        "url": "https://github.com/sponsors/ljharb"
      }
    },
    "node_modules/side-channel-list": {
      "version": "1.0.0",
      "resolved": "https://registry.npmjs.org/side-channel-list/-/side-channel-list-1.0.0.tgz",
      "integrity": "sha512-FCLHtRD/gnpCiCHEiJLOwdmFP+wzCmDEkc9y7NsYxeF4u7Btsn1ZuwgwJGxImImHicJArLP4R0yX4c2KCrMrTA==",
      "license": "MIT",
      "dependencies": {
        "es-errors": "^1.3.0",
        "object-inspect": "^1.13.3"
      },
      "engines": {
        "node": ">= 0.4"
      },
      "funding": {
        "url": "https://github.com/sponsors/ljharb"
      }
    },
    "node_modules/side-channel-map": {
      "version": "1.0.1",
      "resolved": "https://registry.npmjs.org/side-channel-map/-/side-channel-map-1.0.1.tgz",
      "integrity": "sha512-VCjCNfgMsby3tTdo02nbjtM/ewra6jPHmpThenkTYh8pG9ucZ/1P8So4u4FGBek/BjpOVsDCMoLA/iuBKIFXRA==",
      "license": "MIT",
      "dependencies": {
        "call-bound": "^1.0.2",
        "es-errors": "^1.3.0",
        "get-intrinsic": "^1.2.5",
        "object-inspect": "^1.13.3"
      },
      "engines": {
        "node": ">= 0.4"
      },
      "funding": {
        "url": "https://github.com/sponsors/ljharb"
      }
    },
    "node_modules/side-channel-weakmap": {
      "version": "1.0.2",
      "resolved": "https://registry.npmjs.org/side-channel-weakmap/-/side-channel-weakmap-1.0.2.tgz",
      "integrity": "sha512-WPS/HvHQTYnHisLo9McqBHOJk2FkHO/tlpvldyrnem4aeQp4hai3gythswg6p01oSoTl58rcpiFAjF2br2Ak2A==",
      "license": "MIT",
      "dependencies": {
        "call-bound": "^1.0.2",
        "es-errors": "^1.3.0",
        "get-intrinsic": "^1.2.5",
        "object-inspect": "^1.13.3",
        "side-channel-map": "^1.0.1"
      },
      "engines": {
        "node": ">= 0.4"
      },
      "funding": {
        "url": "https://github.com/sponsors/ljharb"
      }
    },
    "node_modules/wreck": {
      "version": "12.5.1",
      "resolved": "https://registry.npmjs.org/wreck/-/wreck-12.5.1.tgz",
      "integrity": "sha512-l5DUGrc+yDyIflpty1x9XuMj1ehVjC/dTbF3/BasOO77xk0EdEa4M/DuOY8W88MQDAD0fEDqyjc8bkIMHd2E9A==",
      "deprecated": "This version has been deprecated in accordance with the hapi support policy (hapi.im/support). Please upgrade to the latest version to get the best features, bug fixes, and security patches. If you are unable to upgrade at this time, paid support is available for older versions (hapi.im/commercial).",
      "dependencies": {
        "boom": "5.x.x",
        "hoek": "4.x.x"
      },
      "engines": {
        "node": ">=4.0.0"
      }
    }
  }
}
